// !$*UTF8*$!
{
	archiveVersion = 1;
	classes = {
	};
	objectVersion = 77;
	objects = {

/* Begin PBXContainerItemProxy section */
		19B297EF2D5CE69F00C162A2 /* PBXContainerItemProxy */ = {
			isa = PBXContainerItemProxy;
			containerPortal = 19B297D52D5CE69D00C162A2 /* Project object */;
			proxyType = 1;
			remoteGlobalIDString = 19B297DC2D5CE69D00C162A2;
			remoteInfo = MenuEcho;
		};
		19B297F92D5CE69F00C162A2 /* PBXContainerItemProxy */ = {
			isa = PBXContainerItemProxy;
			containerPortal = 19B297D52D5CE69D00C162A2 /* Project object */;
			proxyType = 1;
			remoteGlobalIDString = 19B297DC2D5CE69D00C162A2;
			remoteInfo = MenuEcho;
		};
/* End PBXContainerItemProxy section */

/* Begin PBXFileReference section */
		19B297DD2D5CE69D00C162A2 /* MenuEcho.app */ = {isa = PBXFileReference; explicitFileType = wrapper.application; includeInIndex = 0; path = MenuEcho.app; sourceTree = BUILT_PRODUCTS_DIR; };
		19B297EE2D5CE69F00C162A2 /* MenuEchoTests.xctest */ = {isa = PBXFileReference; explicitFileType = wrapper.cfbundle; includeInIndex = 0; path = MenuEchoTests.xctest; sourceTree = BUILT_PRODUCTS_DIR; };
		19B297F82D5CE69F00C162A2 /* MenuEchoUITests.xctest */ = {isa = PBXFileReference; explicitFileType = wrapper.cfbundle; includeInIndex = 0; path = MenuEchoUITests.xctest; sourceTree = BUILT_PRODUCTS_DIR; };
/* End PBXFileReference section */

/* Begin PBXFileSystemSynchronizedRootGroup section */
		19B297DF2D5CE69D00C162A2 /* MenuEcho */ = {
			isa = PBXFileSystemSynchronizedRootGroup;
			path = MenuEcho;
			sourceTree = "<group>";
		};
		19B297F12D5CE69F00C162A2 /* MenuEchoTests */ = {
			isa = PBXFileSystemSynchronizedRootGroup;
			path = MenuEchoTests;
			sourceTree = "<group>";
		};
		19B297FB2D5CE69F00C162A2 /* MenuEchoUITests */ = {
			isa = PBXFileSystemSynchronizedRootGroup;
			path = MenuEchoUITests;
			sourceTree = "<group>";
		};
/* End PBXFileSystemSynchronizedRootGroup section */

/* Begin PBXFrameworksBuildPhase section */
		19B297DA2D5CE69D00C162A2 /* Frameworks */ = {
			isa = PBXFrameworksBuildPhase;
			buildActionMask = 2147483647;
			files = (
			);
			runOnlyForDeploymentPostprocessing = 0;
		};
		19B297EB2D5CE69F00C162A2 /* Frameworks */ = {
			isa = PBXFrameworksBuildPhase;
			buildActionMask = 2147483647;
			files = (
			);
			runOnlyForDeploymentPostprocessing = 0;
		};
		19B297F52D5CE69F00C162A2 /* Frameworks */ = {
			isa = PBXFrameworksBuildPhase;
			buildActionMask = 2147483647;
			files = (
			);
			runOnlyForDeploymentPostprocessing = 0;
		};
/* End PBXFrameworksBuildPhase section */

/* Begin PBXGroup section */
		19B297D42D5CE69D00C162A2 = {
			isa = PBXGroup;
			children = (
				19B297DF2D5CE69D00C162A2 /* MenuEcho */,
				19B297F12D5CE69F00C162A2 /* MenuEchoTests */,
				19B297FB2D5CE69F00C162A2 /* MenuEchoUITests */,
				19B297DE2D5CE69D00C162A2 /* Products */,
			);
			sourceTree = "<group>";
		};
		19B297DE2D5CE69D00C162A2 /* Products */ = {
			isa = PBXGroup;
			children = (
				19B297DD2D5CE69D00C162A2 /* MenuEcho.app */,
				19B297EE2D5CE69F00C162A2 /* MenuEchoTests.xctest */,
				19B297F82D5CE69F00C162A2 /* MenuEchoUITests.xctest */,
			);
			name = Products;
			sourceTree = "<group>";
		};
/* End PBXGroup section */

/* Begin PBXNativeTarget section */
		19B297DC2D5CE69D00C162A2 /* MenuEcho */ = {
			isa = PBXNativeTarget;
			buildConfigurationList = 19B298022D5CE69F00C162A2 /* Build configuration list for PBXNativeTarget "MenuEcho" */;
			buildPhases = (
				19B297D92D5CE69D00C162A2 /* Sources */,
				19B297DA2D5CE69D00C162A2 /* Frameworks */,
				19B297DB2D5CE69D00C162A2 /* Resources */,
			);
			buildRules = (
			);
			dependencies = (
			);
			fileSystemSynchronizedGroups = (
				19B297DF2D5CE69D00C162A2 /* MenuEcho */,
			);
			name = MenuEcho;
			packageProductDependencies = (
			);
			productName = MenuEcho;
			productReference = 19B297DD2D5CE69D00C162A2 /* MenuEcho.app */;
			productType = "com.apple.product-type.application";
		};
		19B297ED2D5CE69F00C162A2 /* MenuEchoTests */ = {
			isa = PBXNativeTarget;
			buildConfigurationList = 19B298052D5CE69F00C162A2 /* Build configuration list for PBXNativeTarget "MenuEchoTests" */;
			buildPhases = (
				19B297EA2D5CE69F00C162A2 /* Sources */,
				19B297EB2D5CE69F00C162A2 /* Frameworks */,
				19B297EC2D5CE69F00C162A2 /* Resources */,
			);
			buildRules = (
			);
			dependencies = (
				19B297F02D5CE69F00C162A2 /* PBXTargetDependency */,
			);
			fileSystemSynchronizedGroups = (
				19B297F12D5CE69F00C162A2 /* MenuEchoTests */,
			);
			name = MenuEchoTests;
			packageProductDependencies = (
			);
			productName = MenuEchoTests;
			productReference = 19B297EE2D5CE69F00C162A2 /* MenuEchoTests.xctest */;
			productType = "com.apple.product-type.bundle.unit-test";
		};
		19B297F72D5CE69F00C162A2 /* MenuEchoUITests */ = {
			isa = PBXNativeTarget;
			buildConfigurationList = 19B298082D5CE69F00C162A2 /* Build configuration list for PBXNativeTarget "MenuEchoUITests" */;
			buildPhases = (
				19B297F42D5CE69F00C162A2 /* Sources */,
				19B297F52D5CE69F00C162A2 /* Frameworks */,
				19B297F62D5CE69F00C162A2 /* Resources */,
			);
			buildRules = (
			);
			dependencies = (
				19B297FA2D5CE69F00C162A2 /* PBXTargetDependency */,
			);
			fileSystemSynchronizedGroups = (
				19B297FB2D5CE69F00C162A2 /* MenuEchoUITests */,
			);
			name = MenuEchoUITests;
			packageProductDependencies = (
			);
			productName = MenuEchoUITests;
			productReference = 19B297F82D5CE69F00C162A2 /* MenuEchoUITests.xctest */;
			productType = "com.apple.product-type.bundle.ui-testing";
		};
/* End PBXNativeTarget section */

/* Begin PBXProject section */
		19B297D52D5CE69D00C162A2 /* Project object */ = {
			isa = PBXProject;
			attributes = {
				BuildIndependentTargetsInParallel = 1;
				LastSwiftUpdateCheck = 1620;
				LastUpgradeCheck = 1620;
				TargetAttributes = {
					19B297DC2D5CE69D00C162A2 = {
						CreatedOnToolsVersion = 16.2;
					};
					19B297ED2D5CE69F00C162A2 = {
						CreatedOnToolsVersion = 16.2;
						TestTargetID = 19B297DC2D5CE69D00C162A2;
					};
					19B297F72D5CE69F00C162A2 = {
						CreatedOnToolsVersion = 16.2;
						TestTargetID = 19B297DC2D5CE69D00C162A2;
					};
				};
			};
			buildConfigurationList = 19B297D82D5CE69D00C162A2 /* Build configuration list for PBXProject "MenuEcho" */;
			developmentRegion = en;
			hasScannedForEncodings = 0;
			knownRegions = (
				en,
				Base,
			);
			mainGroup = 19B297D42D5CE69D00C162A2;
			minimizedProjectReferenceProxies = 1;
			preferredProjectObjectVersion = 77;
			productRefGroup = 19B297DE2D5CE69D00C162A2 /* Products */;
			projectDirPath = "";
			projectRoot = "";
			targets = (
				19B297DC2D5CE69D00C162A2 /* MenuEcho */,
				19B297ED2D5CE69F00C162A2 /* MenuEchoTests */,
				19B297F72D5CE69F00C162A2 /* MenuEchoUITests */,
			);
		};
/* End PBXProject section */

/* Begin PBXResourcesBuildPhase section */
		19B297DB2D5CE69D00C162A2 /* Resources */ = {
			isa = PBXResourcesBuildPhase;
			buildActionMask = 2147483647;
			files = (
			);
			runOnlyForDeploymentPostprocessing = 0;
		};
		19B297EC2D5CE69F00C162A2 /* Resources */ = {
			isa = PBXResourcesBuildPhase;
			buildActionMask = 2147483647;
			files = (
			);
			runOnlyForDeploymentPostprocessing = 0;
		};
		19B297F62D5CE69F00C162A2 /* Resources */ = {
			isa = PBXResourcesBuildPhase;
			buildActionMask = 2147483647;
			files = (
			);
			runOnlyForDeploymentPostprocessing = 0;
		};
/* End PBXResourcesBuildPhase section */

/* Begin PBXSourcesBuildPhase section */
		19B297D92D5CE69D00C162A2 /* Sources */ = {
			isa = PBXSourcesBuildPhase;
			buildActionMask = 2147483647;
			files = (
			);
			runOnlyForDeploymentPostprocessing = 0;
		};
		19B297EA2D5CE69F00C162A2 /* Sources */ = {
			isa = PBXSourcesBuildPhase;
			buildActionMask = 2147483647;
			files = (
			);
			runOnlyForDeploymentPostprocessing = 0;
		};
		19B297F42D5CE69F00C162A2 /* Sources */ = {
			isa = PBXSourcesBuildPhase;
			buildActionMask = 2147483647;
			files = (
			);
			runOnlyForDeploymentPostprocessing = 0;
		};
/* End PBXSourcesBuildPhase section */

/* Begin PBXTargetDependency section */
		19B297F02D5CE69F00C162A2 /* PBXTargetDependency */ = {
			isa = PBXTargetDependency;
			target = 19B297DC2D5CE69D00C162A2 /* MenuEcho */;
			targetProxy = 19B297EF2D5CE69F00C162A2 /* PBXContainerItemProxy */;
		};
		19B297FA2D5CE69F00C162A2 /* PBXTargetDependency */ = {
			isa = PBXTargetDependency;
			target = 19B297DC2D5CE69D00C162A2 /* MenuEcho */;
			targetProxy = 19B297F92D5CE69F00C162A2 /* PBXContainerItemProxy */;
		};
/* End PBXTargetDependency section */

/* Begin XCBuildConfiguration section */
		19B298002D5CE69F00C162A2 /* Debug */ = {
			isa = XCBuildConfiguration;
			buildSettings = {
				ALWAYS_SEARCH_USER_PATHS = NO;
				ASSETCATALOG_COMPILER_GENERATE_SWIFT_ASSET_SYMBOL_EXTENSIONS = YES;
				CLANG_ANALYZER_NONNULL = YES;
				CLANG_ANALYZER_NUMBER_OBJECT_CONVERSION = YES_AGGRESSIVE;
				CLANG_CXX_LANGUAGE_STANDARD = "gnu++20";
				CLANG_ENABLE_MODULES = YES;
				CLANG_ENABLE_OBJC_ARC = YES;
				CLANG_ENABLE_OBJC_WEAK = YES;
				CLANG_WARN_BLOCK_CAPTURE_AUTORELEASING = YES;
				CLANG_WARN_BOOL_CONVERSION = YES;
				CLANG_WARN_COMMA = YES;
				CLANG_WARN_CONSTANT_CONVERSION = YES;
				CLANG_WARN_DEPRECATED_OBJC_IMPLEMENTATIONS = YES;
				CLANG_WARN_DIRECT_OBJC_ISA_USAGE = YES_ERROR;
				CLANG_WARN_DOCUMENTATION_COMMENTS = YES;
				CLANG_WARN_EMPTY_BODY = YES;
				CLANG_WARN_ENUM_CONVERSION = YES;
				CLANG_WARN_INFINITE_RECURSION = YES;
				CLANG_WARN_INT_CONVERSION = YES;
				CLANG_WARN_NON_LITERAL_NULL_CONVERSION = YES;
				CLANG_WARN_OBJC_IMPLICIT_RETAIN_SELF = YES;
				CLANG_WARN_OBJC_LITERAL_CONVERSION = YES;
				CLANG_WARN_OBJC_ROOT_CLASS = YES_ERROR;
				CLANG_WARN_QUOTED_INCLUDE_IN_FRAMEWORK_HEADER = YES;
				CLANG_WARN_RANGE_LOOP_ANALYSIS = YES;
				CLANG_WARN_STRICT_PROTOTYPES = YES;
				CLANG_WARN_SUSPICIOUS_MOVE = YES;
				CLANG_WARN_UNGUARDED_AVAILABILITY = YES_AGGRESSIVE;
				CLANG_WARN_UNREACHABLE_CODE = YES;
				CLANG_WARN__DUPLICATE_METHOD_MATCH = YES;
				COPY_PHASE_STRIP = NO;
				DEBUG_INFORMATION_FORMAT = dwarf;
				ENABLE_STRICT_OBJC_MSGSEND = YES;
				ENABLE_TESTABILITY = YES;
				ENABLE_USER_SCRIPT_SANDBOXING = YES;
				GCC_C_LANGUAGE_STANDARD = gnu17;
				GCC_DYNAMIC_NO_PIC = NO;
				GCC_NO_COMMON_BLOCKS = YES;
				GCC_OPTIMIZATION_LEVEL = 0;
				GCC_PREPROCESSOR_DEFINITIONS = (
					"DEBUG=1",
					"$(inherited)",
				);
				GCC_WARN_64_TO_32_BIT_CONVERSION = YES;
				GCC_WARN_ABOUT_RETURN_TYPE = YES_ERROR;
				GCC_WARN_UNDECLARED_SELECTOR = YES;
				GCC_WARN_UNINITIALIZED_AUTOS = YES_AGGRESSIVE;
				GCC_WARN_UNUSED_FUNCTION = YES;
				GCC_WARN_UNUSED_VARIABLE = YES;
				LOCALIZATION_PREFERS_STRING_CATALOGS = YES;
				MACOSX_DEPLOYMENT_TARGET = 15.2;
				MTL_ENABLE_DEBUG_INFO = INCLUDE_SOURCE;
				MTL_FAST_MATH = YES;
				ONLY_ACTIVE_ARCH = YES;
				SDKROOT = macosx;
				SWIFT_ACTIVE_COMPILATION_CONDITIONS = "DEBUG $(inherited)";
				SWIFT_OPTIMIZATION_LEVEL = "-Onone";
			};
			name = Debug;
		};
		19B298012D5CE69F00C162A2 /* Release */ = {
			isa = XCBuildConfiguration;
			buildSettings = {
				ALWAYS_SEARCH_USER_PATHS = NO;
				ASSETCATALOG_COMPILER_GENERATE_SWIFT_ASSET_SYMBOL_EXTENSIONS = YES;
				CLANG_ANALYZER_NONNULL = YES;
				CLANG_ANALYZER_NUMBER_OBJECT_CONVERSION = YES_AGGRESSIVE;
				CLANG_CXX_LANGUAGE_STANDARD = "gnu++20";
				CLANG_ENABLE_MODULES = YES;
				CLANG_ENABLE_OBJC_ARC = YES;
				CLANG_ENABLE_OBJC_WEAK = YES;
				CLANG_WARN_BLOCK_CAPTURE_AUTORELEASING = YES;
				CLANG_WARN_BOOL_CONVERSION = YES;
				CLANG_WARN_COMMA = YES;
				CLANG_WARN_CONSTANT_CONVERSION = YES;
				CLANG_WARN_DEPRECATED_OBJC_IMPLEMENTATIONS = YES;
				CLANG_WARN_DIRECT_OBJC_ISA_USAGE = YES_ERROR;
				CLANG_WARN_DOCUMENTATION_COMMENTS = YES;
				CLANG_WARN_EMPTY_BODY = YES;
				CLANG_WARN_ENUM_CONVERSION = YES;
				CLANG_WARN_INFINITE_RECURSION = YES;
				CLANG_WARN_INT_CONVERSION = YES;
				CLANG_WARN_NON_LITERAL_NULL_CONVERSION = YES;
				CLANG_WARN_OBJC_IMPLICIT_RETAIN_SELF = YES;
				CLANG_WARN_OBJC_LITERAL_CONVERSION = YES;
				CLANG_WARN_OBJC_ROOT_CLASS = YES_ERROR;
				CLANG_WARN_QUOTED_INCLUDE_IN_FRAMEWORK_HEADER = YES;
				CLANG_WARN_RANGE_LOOP_ANALYSIS = YES;
				CLANG_WARN_STRICT_PROTOTYPES = YES;
				CLANG_WARN_SUSPICIOUS_MOVE = YES;
				CLANG_WARN_UNGUARDED_AVAILABILITY = YES_AGGRESSIVE;
				CLANG_WARN_UNREACHABLE_CODE = YES;
				CLANG_WARN__DUPLICATE_METHOD_MATCH = YES;
				COPY_PHASE_STRIP = NO;
				DEBUG_INFORMATION_FORMAT = "dwarf-with-dsym";
				ENABLE_NS_ASSERTIONS = NO;
				ENABLE_STRICT_OBJC_MSGSEND = YES;
				ENABLE_USER_SCRIPT_SANDBOXING = YES;
				GCC_C_LANGUAGE_STANDARD = gnu17;
				GCC_NO_COMMON_BLOCKS = YES;
				GCC_WARN_64_TO_32_BIT_CONVERSION = YES;
				GCC_WARN_ABOUT_RETURN_TYPE = YES_ERROR;
				GCC_WARN_UNDECLARED_SELECTOR = YES;
				GCC_WARN_UNINITIALIZED_AUTOS = YES_AGGRESSIVE;
				GCC_WARN_UNUSED_FUNCTION = YES;
				GCC_WARN_UNUSED_VARIABLE = YES;
				LOCALIZATION_PREFERS_STRING_CATALOGS = YES;
				MACOSX_DEPLOYMENT_TARGET = 15.2;
				MTL_ENABLE_DEBUG_INFO = NO;
				MTL_FAST_MATH = YES;
				SDKROOT = macosx;
				SWIFT_COMPILATION_MODE = wholemodule;
			};
			name = Release;
		};
		19B298032D5CE69F00C162A2 /* Debug */ = {
			isa = XCBuildConfiguration;
			buildSettings = {
				ASSETCATALOG_COMPILER_APPICON_NAME = AppIcon;
				ASSETCATALOG_COMPILER_GLOBAL_ACCENT_COLOR_NAME = AccentColor;
				CODE_SIGN_ENTITLEMENTS = MenuEcho/MenuEcho.entitlements;
				CODE_SIGN_STYLE = Automatic;
				COMBINE_HIDPI_IMAGES = YES;
				CURRENT_PROJECT_VERSION = 1;
				DEVELOPMENT_ASSET_PATHS = "\"MenuEcho/Preview Content\"";
				ENABLE_PREVIEWS = YES;
				GENERATE_INFOPLIST_FILE = YES;
				INFOPLIST_KEY_NSHumanReadableCopyright = "";
				LD_RUNPATH_SEARCH_PATHS = (
					"$(inherited)",
					"@executable_path/../Frameworks",
				);
				MARKETING_VERSION = 1.0;
				PRODUCT_BUNDLE_IDENTIFIER = lwmacct.MenuEcho;
				PRODUCT_NAME = "$(TARGET_NAME)";
				SWIFT_EMIT_LOC_STRINGS = YES;
				SWIFT_VERSION = 5.0;
			};
			name = Debug;
		};
		19B298042D5CE69F00C162A2 /* Release */ = {
			isa = XCBuildConfiguration;
			buildSettings = {
				ASSETCATALOG_COMPILER_APPICON_NAME = AppIcon;
				ASSETCATALOG_COMPILER_GLOBAL_ACCENT_COLOR_NAME = AccentColor;
				CODE_SIGN_ENTITLEMENTS = MenuEcho/MenuEcho.entitlements;
				CODE_SIGN_STYLE = Automatic;
				COMBINE_HIDPI_IMAGES = YES;
				CURRENT_PROJECT_VERSION = 1;
				DEVELOPMENT_ASSET_PATHS = "\"MenuEcho/Preview Content\"";
				ENABLE_PREVIEWS = YES;
				GENERATE_INFOPLIST_FILE = YES;
				INFOPLIST_KEY_NSHumanReadableCopyright = "";
				LD_RUNPATH_SEARCH_PATHS = (
					"$(inherited)",
					"@executable_path/../Frameworks",
				);
				MARKETING_VERSION = 1.0;
				PRODUCT_BUNDLE_IDENTIFIER = lwmacct.MenuEcho;
				PRODUCT_NAME = "$(TARGET_NAME)";
				SWIFT_EMIT_LOC_STRINGS = YES;
				SWIFT_VERSION = 5.0;
			};
			name = Release;
		};
		19B298062D5CE69F00C162A2 /* Debug */ = {
			isa = XCBuildConfiguration;
			buildSettings = {
				BUNDLE_LOADER = "$(TEST_HOST)";
				CODE_SIGN_STYLE = Automatic;
				CURRENT_PROJECT_VERSION = 1;
				GENERATE_INFOPLIST_FILE = YES;
				MACOSX_DEPLOYMENT_TARGET = 15.2;
				MARKETING_VERSION = 1.0;
				PRODUCT_BUNDLE_IDENTIFIER = lwmacct.MenuEchoTests;
				PRODUCT_NAME = "$(TARGET_NAME)";
				SWIFT_EMIT_LOC_STRINGS = NO;
				SWIFT_VERSION = 5.0;
				TEST_HOST = "$(BUILT_PRODUCTS_DIR)/MenuEcho.app/$(BUNDLE_EXECUTABLE_FOLDER_PATH)/MenuEcho";
			};
			name = Debug;
		};
		19B298072D5CE69F00C162A2 /* Release */ = {
			isa = XCBuildConfiguration;
			buildSettings = {
				BUNDLE_LOADER = "$(TEST_HOST)";
				CODE_SIGN_STYLE = Automatic;
				CURRENT_PROJECT_VERSION = 1;
				GENERATE_INFOPLIST_FILE = YES;
				MACOSX_DEPLOYMENT_TARGET = 15.2;
				MARKETING_VERSION = 1.0;
				PRODUCT_BUNDLE_IDENTIFIER = lwmacct.MenuEchoTests;
				PRODUCT_NAME = "$(TARGET_NAME)";
				SWIFT_EMIT_LOC_STRINGS = NO;
				SWIFT_VERSION = 5.0;
				TEST_HOST = "$(BUILT_PRODUCTS_DIR)/MenuEcho.app/$(BUNDLE_EXECUTABLE_FOLDER_PATH)/MenuEcho";
			};
			name = Release;
		};
		19B298092D5CE69F00C162A2 /* Debug */ = {
			isa = XCBuildConfiguration;
			buildSettings = {
				CODE_SIGN_STYLE = Automatic;
				CURRENT_PROJECT_VERSION = 1;
				GENERATE_INFOPLIST_FILE = YES;
				MARKETING_VERSION = 1.0;
				PRODUCT_BUNDLE_IDENTIFIER = lwmacct.MenuEchoUITests;
				PRODUCT_NAME = "$(TARGET_NAME)";
				SWIFT_EMIT_LOC_STRINGS = NO;
				SWIFT_VERSION = 5.0;
				TEST_TARGET_NAME = MenuEcho;
			};
			name = Debug;
		};
		19B2980A2D5CE69F00C162A2 /* Release */ = {
			isa = XCBuildConfiguration;
			buildSettings = {
				CODE_SIGN_STYLE = Automatic;
				CURRENT_PROJECT_VERSION = 1;
				GENERATE_INFOPLIST_FILE = YES;
				MARKETING_VERSION = 1.0;
				PRODUCT_BUNDLE_IDENTIFIER = lwmacct.MenuEchoUITests;
				PRODUCT_NAME = "$(TARGET_NAME)";
				SWIFT_EMIT_LOC_STRINGS = NO;
				SWIFT_VERSION = 5.0;
				TEST_TARGET_NAME = MenuEcho;
			};
			name = Release;
		};
/* End XCBuildConfiguration section */

/* Begin XCConfigurationList section */
		19B297D82D5CE69D00C162A2 /* Build configuration list for PBXProject "MenuEcho" */ = {
			isa = XCConfigurationList;
			buildConfigurations = (
				19B298002D5CE69F00C162A2 /* Debug */,
				19B298012D5CE69F00C162A2 /* Release */,
			);
			defaultConfigurationIsVisible = 0;
			defaultConfigurationName = Release;
		};
		19B298022D5CE69F00C162A2 /* Build configuration list for PBXNativeTarget "MenuEcho" */ = {
			isa = XCConfigurationList;
			buildConfigurations = (
				19B298032D5CE69F00C162A2 /* Debug */,
				19B298042D5CE69F00C162A2 /* Release */,
			);
			defaultConfigurationIsVisible = 0;
			defaultConfigurationName = Release;
		};
		19B298052D5CE69F00C162A2 /* Build configuration list for PBXNativeTarget "MenuEchoTests" */ = {
			isa = XCConfigurationList;
			buildConfigurations = (
				19B298062D5CE69F00C162A2 /* Debug */,
				19B298072D5CE69F00C162A2 /* Release */,
			);
			defaultConfigurationIsVisible = 0;
			defaultConfigurationName = Release;
		};
		19B298082D5CE69F00C162A2 /* Build configuration list for PBXNativeTarget "MenuEchoUITests" */ = {
			isa = XCConfigurationList;
			buildConfigurations = (
				19B298092D5CE69F00C162A2 /* Debug */,
				19B2980A2D5CE69F00C162A2 /* Release */,
			);
			defaultConfigurationIsVisible = 0;
			defaultConfigurationName = Release;
		};
/* End XCConfigurationList section */
	};
	rootObject = 19B297D52D5CE69D00C162A2 /* Project object */;
}
